
Microsoft Visual Studio Solution File, Format Version 12.00
# Visual Studio Version 16
VisualStudioVersion = 16.0.31025.194
MinimumVisualStudioVersion = 10.0.40219.1
Project("{FAE04EC0-301F-11D3-BF4B-00C04F79EFBC}") = "ejemAPI", "ejemAPI\ejemAPI.csproj", "{F90CDB74-4ADC-4825-B56E-45146153D477}"
EndProject
Global
	GlobalSection(SolutionConfigurationPlatforms) = preSolution
		Debug|Any CPU = Debug|Any CPU
		Release|Any CPU = Release|Any CPU
	EndGlobalSection
	GlobalSection(ProjectConfigurationPlatforms) = postSolution
		{F90CDB74-4ADC-4825-B56E-45146153D477}.Debug|Any CPU.ActiveCfg = Debug|Any CPU
		{F90CDB74-4ADC-4825-B56E-45146153D477}.Debug|Any CPU.Build.0 = Debug|Any CPU
		{F90CDB74-4ADC-4825-B56E-45146153D477}.Release|Any CPU.ActiveCfg = Release|Any CPU
		{F90CDB74-4ADC-4825-B56E-45146153D477}.Release|Any CPU.Build.0 = Release|Any CPU
	EndGlobalSection
	GlobalSection(SolutionProperties) = preSolution
		HideSolutionNode = FALSE
	EndGlobalSection
	GlobalSection(ExtensibilityGlobals) = postSolution
		SolutionGuid = {0C05BD84-8527-48A1-98F3-47106BDA68BE}
	EndGlobalSection
EndGlobal
